PODS:
  - Material (2.6.3):
    - Material/Core (= 2.6.3)
  - Material/Core (2.6.3)
  - RxBlocking (3.4.1):
    - RxSwift (~> 3.4)
  - RxCocoa (3.4.1):
    - RxSwift (~> 3.4)
  - RxDataSources (1.0.3):
    - RxCocoa (~> 3.0)
    - RxSwift (~> 3.0)
  - RxSwift (3.4.1)
  - RxTest (3.4.1):
    - RxSwift (~> 3.4)

DEPENDENCIES:
  - Material
  - RxBlocking (~> 3.4.1)
  - RxCocoa (~> 3.4.1)
  - RxDataSources
  - RxSwift (~> 3.4.1)
  - RxTest (~> 3.4.1)

SPEC CHECKSUMS:
  Material: af607a7ec0e9978ef85cf189a3d8ceeeb650400f
  RxBlocking: 1e8c41cfe7ca2fc0e19d0e616c553845c63cbbd3
  RxCocoa: a8a5f1d061d0043e28f56976829f31ce63e8eb09
  RxDataSources: a021a0e944ba5f7991259829d973afdbfa719c0b
  RxSwift: 656f8fbeca5bc372121a72d9ebdd3cd3bc0ffade
  RxTest: a6fd6e4069face7c6488f96f6c42296b3e44db48

PODFILE CHECKSUM: 74776b4e9bb787ba1b5dc40dd0fc720b75b6dd77

COCOAPODS: 1.2.1
